
Microsoft Visual Studio Solution File, Format Version 12.00
# Visual Studio Version 16
VisualStudioVersion = 16.0.30204.135
MinimumVisualStudioVersion = 10.0.40219.1
Project("{9A19103F-16F7-4668-BE54-9A1E7A4F7556}") = "AuthenticationServer", "AuthenticationServer\AuthenticationServer.csproj", "{512B5EA8-5182-4160-9CAF-138063FF1BE9}"
EndProject
Global
	GlobalSection(SolutionConfigurationPlatforms) = preSolution
		Debug|Any CPU = Debug|Any CPU
		Release|Any CPU = Release|Any CPU
	EndGlobalSection
	GlobalSection(ProjectConfigurationPlatforms) = postSolution
		{512B5EA8-5182-4160-9CAF-138063FF1BE9}.Debug|Any CPU.ActiveCfg = Debug|Any CPU
		{512B5EA8-5182-4160-9CAF-138063FF1BE9}.Debug|Any CPU.Build.0 = Debug|Any CPU
		{512B5EA8-5182-4160-9CAF-138063FF1BE9}.Release|Any CPU.ActiveCfg = Release|Any CPU
		{512B5EA8-5182-4160-9CAF-138063FF1BE9}.Release|Any CPU.Build.0 = Release|Any CPU
	EndGlobalSection
	GlobalSection(SolutionProperties) = preSolution
		HideSolutionNode = FALSE
	EndGlobalSection
	GlobalSection(ExtensibilityGlobals) = postSolution
		SolutionGuid = {2E53AEBD-9CC2-4E2F-B3C6-7FC0D97687BF}
	EndGlobalSection
EndGlobal
